// !$*UTF8*$!
{
	archiveVersion = 1;
	classes = {
	};
	objectVersion = 60;
	objects = {

/* Begin PBXBuildFile section */
		0A2C5B512C260999007D8889 /* CsvParsing.swift in Sources */ = {isa = PBXBuildFile; fileRef = 0A2C5B502C26098C007D8889 /* CsvParsing.swift */; };
		0A2C5B532C262A22007D8889 /* TodoItemTests.swift in Sources */ = {isa = PBXBuildFile; fileRef = 0A2C5B522C262A22007D8889 /* TodoItemTests.swift */; };
		0A2C5B572C263A98007D8889 /* test_1.json in Resources */ = {isa = PBXBuildFile; fileRef = 0A2C5B562C263A8E007D8889 /* test_1.json */; };
		0A2C5B592C263B33007D8889 /* test_2.json in Resources */ = {isa = PBXBuildFile; fileRef = 0A2C5B582C263B2E007D8889 /* test_2.json */; };
		0A2C5B5A2C26415B007D8889 /* test_2.json in Resources */ = {isa = PBXBuildFile; fileRef = 0A2C5B582C263B2E007D8889 /* test_2.json */; };
		0A2C5B5B2C26415B007D8889 /* test_1.json in Resources */ = {isa = PBXBuildFile; fileRef = 0A2C5B562C263A8E007D8889 /* test_1.json */; };
		0A2C5B5D2C26595C007D8889 /* test.csv in Resources */ = {isa = PBXBuildFile; fileRef = 0A2C5B5C2C265957007D8889 /* test.csv */; };
		0A2C5B5E2C26595C007D8889 /* test.csv in Resources */ = {isa = PBXBuildFile; fileRef = 0A2C5B5C2C265957007D8889 /* test.csv */; };
		0A2C5B602C265D47007D8889 /* FileCacheTesting.swift in Sources */ = {isa = PBXBuildFile; fileRef = 0A2C5B5F2C265D47007D8889 /* FileCacheTesting.swift */; };
		0A39EE652C21A95400DD14AE /* ToDoAppApp.swift in Sources */ = {isa = PBXBuildFile; fileRef = 0A39EE642C21A95400DD14AE /* ToDoAppApp.swift */; };
		0A39EE672C21A95400DD14AE /* ContentView.swift in Sources */ = {isa = PBXBuildFile; fileRef = 0A39EE662C21A95400DD14AE /* ContentView.swift */; };
		0A39EE692C21A95500DD14AE /* Assets.xcassets in Resources */ = {isa = PBXBuildFile; fileRef = 0A39EE682C21A95500DD14AE /* Assets.xcassets */; };
		0A39EE6C2C21A95500DD14AE /* Preview Assets.xcassets in Resources */ = {isa = PBXBuildFile; fileRef = 0A39EE6B2C21A95500DD14AE /* Preview Assets.xcassets */; };
		0A39EE802C21A95500DD14AE /* ToDoAppUITests.swift in Sources */ = {isa = PBXBuildFile; fileRef = 0A39EE7F2C21A95500DD14AE /* ToDoAppUITests.swift */; };
		0A39EE822C21A95500DD14AE /* ToDoAppUITestsLaunchTests.swift in Sources */ = {isa = PBXBuildFile; fileRef = 0A39EE812C21A95500DD14AE /* ToDoAppUITestsLaunchTests.swift */; };
		0A39EE8F2C21AC1700DD14AE /* TodoItem.swift in Sources */ = {isa = PBXBuildFile; fileRef = 0A39EE8E2C21AC1700DD14AE /* TodoItem.swift */; };
		0A5619522C2F399A00E2A5B4 /* RadioButtonView.swift in Sources */ = {isa = PBXBuildFile; fileRef = 0A5619512C2F399A00E2A5B4 /* RadioButtonView.swift */; };
		0A5619542C2F4B0500E2A5B4 /* Todos.swift in Sources */ = {isa = PBXBuildFile; fileRef = 0A5619532C2F4B0500E2A5B4 /* Todos.swift */; };
		0A5619562C2F814700E2A5B4 /* Color.swift in Sources */ = {isa = PBXBuildFile; fileRef = 0A5619552C2F814700E2A5B4 /* Color.swift */; };
		0A5619582C2F997300E2A5B4 /* TodoViewLayouts.swift in Sources */ = {isa = PBXBuildFile; fileRef = 0A5619572C2F997300E2A5B4 /* TodoViewLayouts.swift */; };
		0A8CFA582C2FB8DF00A9F549 /* TasksListView.swift in Sources */ = {isa = PBXBuildFile; fileRef = 0A8CFA572C2FB8DF00A9F549 /* TasksListView.swift */; };
		0AB1301C2C22010E00816981 /* FileCache.swift in Sources */ = {isa = PBXBuildFile; fileRef = 0AB1301B2C22010E00816981 /* FileCache.swift */; };
		0AB1301E2C2285D900816981 /* JsonParsing.swift in Sources */ = {isa = PBXBuildFile; fileRef = 0AB1301D2C2285D900816981 /* JsonParsing.swift */; };
		0AFBE76C2C388E4A001F1C1F /* CalendarRepresentable.swift in Sources */ = {isa = PBXBuildFile; fileRef = 0AFBE76B2C388E4A001F1C1F /* CalendarRepresentable.swift */; };
		0AFBE76E2C388ECD001F1C1F /* CalendarView.swift in Sources */ = {isa = PBXBuildFile; fileRef = 0AFBE76D2C388ECD001F1C1F /* CalendarView.swift */; };
		0AFBE7A32C3DCAF4001F1C1F /* TaskCellView.swift in Sources */ = {isa = PBXBuildFile; fileRef = 0AFBE7A22C3DCAF4001F1C1F /* TaskCellView.swift */; };
		0AFBE7AC2C3DD5F6001F1C1F /* Sorting.swift in Sources */ = {isa = PBXBuildFile; fileRef = 0AFBE7AB2C3DD5F6001F1C1F /* Sorting.swift */; };
		0AFBE7B02C403A9B001F1C1F /* CocoaLumberjack in Frameworks */ = {isa = PBXBuildFile; productRef = 0AFBE7AF2C403A9B001F1C1F /* CocoaLumberjack */; };
		0AFBE7B42C404AFC001F1C1F /* DDLog.swift in Sources */ = {isa = PBXBuildFile; fileRef = 0AFBE7B32C404AFC001F1C1F /* DDLog.swift */; };
		0AFBE7B62C405563001F1C1F /* CocoaLumberjackSwift in Frameworks */ = {isa = PBXBuildFile; productRef = 0AFBE7B52C405563001F1C1F /* CocoaLumberjackSwift */; };
		0AFBE7B82C405563001F1C1F /* CocoaLumberjackSwiftLogBackend in Frameworks */ = {isa = PBXBuildFile; productRef = 0AFBE7B72C405563001F1C1F /* CocoaLumberjackSwiftLogBackend */; };
		0AFEA7992C29A65500A5AED5 /* TodoItemView.swift in Sources */ = {isa = PBXBuildFile; fileRef = 0AFEA7982C29A65500A5AED5 /* TodoItemView.swift */; };
		0AFEA79C2C29A71100A5AED5 /* Date.swift in Sources */ = {isa = PBXBuildFile; fileRef = 0AFEA79B2C29A71100A5AED5 /* Date.swift */; };
		0C28844D9E8C24CD811EF7BB /* Pods_ToDo_AppTests.framework in Frameworks */ = {isa = PBXBuildFile; fileRef = 501771EA28B2ED7906D5C6FE /* Pods_ToDo_AppTests.framework */; };
		693B3F74C38D252F9E73D77A /* Pods_ToDo_App.framework in Frameworks */ = {isa = PBXBuildFile; fileRef = 4FE154C6A5468F2B086EAA5F /* Pods_ToDo_App.framework */; settings = {ATTRIBUTES = (Required, ); }; };
		6DD30544A58A00325B3F9802 /* Pods_ToDo_App_ToDo_AppUITests.framework in Frameworks */ = {isa = PBXBuildFile; fileRef = 1D023E86B6C5A5EF99D8A67D /* Pods_ToDo_App_ToDo_AppUITests.framework */; };
/* End PBXBuildFile section */

/* Begin PBXContainerItemProxy section */
		0A39EE722C21A95500DD14AE /* PBXContainerItemProxy */ = {
			isa = PBXContainerItemProxy;
			containerPortal = 0A39EE592C21A95400DD14AE /* Project object */;
			proxyType = 1;
			remoteGlobalIDString = 0A39EE602C21A95400DD14AE;
			remoteInfo = "ToDo App";
		};
		0A39EE7C2C21A95500DD14AE /* PBXContainerItemProxy */ = {
			isa = PBXContainerItemProxy;
			containerPortal = 0A39EE592C21A95400DD14AE /* Project object */;
			proxyType = 1;
			remoteGlobalIDString = 0A39EE602C21A95400DD14AE;
			remoteInfo = "ToDo App";
		};
/* End PBXContainerItemProxy section */

/* Begin PBXFileReference section */
		0A2C5B502C26098C007D8889 /* CsvParsing.swift */ = {isa = PBXFileReference; lastKnownFileType = sourcecode.swift; path = CsvParsing.swift; sourceTree = "<group>"; };
		0A2C5B522C262A22007D8889 /* TodoItemTests.swift */ = {isa = PBXFileReference; lastKnownFileType = sourcecode.swift; path = TodoItemTests.swift; sourceTree = "<group>"; };
		0A2C5B562C263A8E007D8889 /* test_1.json */ = {isa = PBXFileReference; lastKnownFileType = text.json; path = test_1.json; sourceTree = "<group>"; };
		0A2C5B582C263B2E007D8889 /* test_2.json */ = {isa = PBXFileReference; lastKnownFileType = text.json; path = test_2.json; sourceTree = "<group>"; };
		0A2C5B5C2C265957007D8889 /* test.csv */ = {isa = PBXFileReference; lastKnownFileType = text; path = test.csv; sourceTree = "<group>"; };
		0A2C5B5F2C265D47007D8889 /* FileCacheTesting.swift */ = {isa = PBXFileReference; lastKnownFileType = sourcecode.swift; path = FileCacheTesting.swift; sourceTree = "<group>"; };
		0A39EE612C21A95400DD14AE /* ToDo App.app */ = {isa = PBXFileReference; explicitFileType = wrapper.application; includeInIndex = 0; path = "ToDo App.app"; sourceTree = BUILT_PRODUCTS_DIR; };
		0A39EE642C21A95400DD14AE /* ToDoAppApp.swift */ = {isa = PBXFileReference; lastKnownFileType = sourcecode.swift; path = ToDoAppApp.swift; sourceTree = "<group>"; };
		0A39EE662C21A95400DD14AE /* ContentView.swift */ = {isa = PBXFileReference; lastKnownFileType = sourcecode.swift; path = ContentView.swift; sourceTree = "<group>"; };
		0A39EE682C21A95500DD14AE /* Assets.xcassets */ = {isa = PBXFileReference; lastKnownFileType = folder.assetcatalog; path = Assets.xcassets; sourceTree = "<group>"; };
		0A39EE6B2C21A95500DD14AE /* Preview Assets.xcassets */ = {isa = PBXFileReference; lastKnownFileType = folder.assetcatalog; path = "Preview Assets.xcassets"; sourceTree = "<group>"; };
		0A39EE712C21A95500DD14AE /* ToDo AppTests.xctest */ = {isa = PBXFileReference; explicitFileType = wrapper.cfbundle; includeInIndex = 0; path = "ToDo AppTests.xctest"; sourceTree = BUILT_PRODUCTS_DIR; };
		0A39EE7B2C21A95500DD14AE /* ToDo AppUITests.xctest */ = {isa = PBXFileReference; explicitFileType = wrapper.cfbundle; includeInIndex = 0; path = "ToDo AppUITests.xctest"; sourceTree = BUILT_PRODUCTS_DIR; };
		0A39EE7F2C21A95500DD14AE /* ToDoAppUITests.swift */ = {isa = PBXFileReference; lastKnownFileType = sourcecode.swift; path = ToDoAppUITests.swift; sourceTree = "<group>"; };
		0A39EE812C21A95500DD14AE /* ToDoAppUITestsLaunchTests.swift */ = {isa = PBXFileReference; lastKnownFileType = sourcecode.swift; path = ToDoAppUITestsLaunchTests.swift; sourceTree = "<group>"; };
		0A39EE8E2C21AC1700DD14AE /* TodoItem.swift */ = {isa = PBXFileReference; lastKnownFileType = sourcecode.swift; path = TodoItem.swift; sourceTree = "<group>"; };
		0A5619512C2F399A00E2A5B4 /* RadioButtonView.swift */ = {isa = PBXFileReference; lastKnownFileType = sourcecode.swift; path = RadioButtonView.swift; sourceTree = "<group>"; };
		0A5619532C2F4B0500E2A5B4 /* Todos.swift */ = {isa = PBXFileReference; lastKnownFileType = sourcecode.swift; path = Todos.swift; sourceTree = "<group>"; };
		0A5619552C2F814700E2A5B4 /* Color.swift */ = {isa = PBXFileReference; lastKnownFileType = sourcecode.swift; path = Color.swift; sourceTree = "<group>"; };
		0A5619572C2F997300E2A5B4 /* TodoViewLayouts.swift */ = {isa = PBXFileReference; lastKnownFileType = sourcecode.swift; path = TodoViewLayouts.swift; sourceTree = "<group>"; };
		0A8CFA572C2FB8DF00A9F549 /* TasksListView.swift */ = {isa = PBXFileReference; lastKnownFileType = sourcecode.swift; path = TasksListView.swift; sourceTree = "<group>"; };
		0AB1301B2C22010E00816981 /* FileCache.swift */ = {isa = PBXFileReference; lastKnownFileType = sourcecode.swift; path = FileCache.swift; sourceTree = "<group>"; };
		0AB1301D2C2285D900816981 /* JsonParsing.swift */ = {isa = PBXFileReference; lastKnownFileType = sourcecode.swift; path = JsonParsing.swift; sourceTree = "<group>"; };
		0AFBE76B2C388E4A001F1C1F /* CalendarRepresentable.swift */ = {isa = PBXFileReference; lastKnownFileType = sourcecode.swift; path = CalendarRepresentable.swift; sourceTree = "<group>"; };
		0AFBE76D2C388ECD001F1C1F /* CalendarView.swift */ = {isa = PBXFileReference; lastKnownFileType = sourcecode.swift; path = CalendarView.swift; sourceTree = "<group>"; };
		0AFBE7A22C3DCAF4001F1C1F /* TaskCellView.swift */ = {isa = PBXFileReference; lastKnownFileType = sourcecode.swift; path = TaskCellView.swift; sourceTree = "<group>"; };
		0AFBE7AB2C3DD5F6001F1C1F /* Sorting.swift */ = {isa = PBXFileReference; lastKnownFileType = sourcecode.swift; path = Sorting.swift; sourceTree = "<group>"; };
		0AFBE7AD2C3FAE30001F1C1F /* .gitignore */ = {isa = PBXFileReference; lastKnownFileType = text; path = .gitignore; sourceTree = "<group>"; };
		0AFBE7B32C404AFC001F1C1F /* DDLog.swift */ = {isa = PBXFileReference; lastKnownFileType = sourcecode.swift; path = DDLog.swift; sourceTree = "<group>"; };
		0AFEA7982C29A65500A5AED5 /* TodoItemView.swift */ = {isa = PBXFileReference; lastKnownFileType = sourcecode.swift; path = TodoItemView.swift; sourceTree = "<group>"; };
		0AFEA79B2C29A71100A5AED5 /* Date.swift */ = {isa = PBXFileReference; lastKnownFileType = sourcecode.swift; path = Date.swift; sourceTree = "<group>"; };
		11689AC97D6D28AB12985538 /* Pods-ToDo AppTests.release.xcconfig */ = {isa = PBXFileReference; includeInIndex = 1; lastKnownFileType = text.xcconfig; name = "Pods-ToDo AppTests.release.xcconfig"; path = "Target Support Files/Pods-ToDo AppTests/Pods-ToDo AppTests.release.xcconfig"; sourceTree = "<group>"; };
		1665A048E987C9B1006AABFE /* Pods-ToDo App.debug.xcconfig */ = {isa = PBXFileReference; includeInIndex = 1; lastKnownFileType = text.xcconfig; name = "Pods-ToDo App.debug.xcconfig"; path = "Target Support Files/Pods-ToDo App/Pods-ToDo App.debug.xcconfig"; sourceTree = "<group>"; };
		1D023E86B6C5A5EF99D8A67D /* Pods_ToDo_App_ToDo_AppUITests.framework */ = {isa = PBXFileReference; explicitFileType = wrapper.framework; includeInIndex = 0; path = Pods_ToDo_App_ToDo_AppUITests.framework; sourceTree = BUILT_PRODUCTS_DIR; };
		4FE154C6A5468F2B086EAA5F /* Pods_ToDo_App.framework */ = {isa = PBXFileReference; explicitFileType = wrapper.framework; includeInIndex = 0; path = Pods_ToDo_App.framework; sourceTree = BUILT_PRODUCTS_DIR; };
		501771EA28B2ED7906D5C6FE /* Pods_ToDo_AppTests.framework */ = {isa = PBXFileReference; explicitFileType = wrapper.framework; includeInIndex = 0; path = Pods_ToDo_AppTests.framework; sourceTree = BUILT_PRODUCTS_DIR; };
		B4048AB363C53636B333AE09 /* Pods-ToDo App-ToDo AppUITests.debug.xcconfig */ = {isa = PBXFileReference; includeInIndex = 1; lastKnownFileType = text.xcconfig; name = "Pods-ToDo App-ToDo AppUITests.debug.xcconfig"; path = "Target Support Files/Pods-ToDo App-ToDo AppUITests/Pods-ToDo App-ToDo AppUITests.debug.xcconfig"; sourceTree = "<group>"; };
		D018184163610F19D627C6BA /* Pods-ToDo App-ToDo AppUITests.release.xcconfig */ = {isa = PBXFileReference; includeInIndex = 1; lastKnownFileType = text.xcconfig; name = "Pods-ToDo App-ToDo AppUITests.release.xcconfig"; path = "Target Support Files/Pods-ToDo App-ToDo AppUITests/Pods-ToDo App-ToDo AppUITests.release.xcconfig"; sourceTree = "<group>"; };
		E8FFA905477F065F4F683C4D /* Pods-ToDo AppTests.debug.xcconfig */ = {isa = PBXFileReference; includeInIndex = 1; lastKnownFileType = text.xcconfig; name = "Pods-ToDo AppTests.debug.xcconfig"; path = "Target Support Files/Pods-ToDo AppTests/Pods-ToDo AppTests.debug.xcconfig"; sourceTree = "<group>"; };
		EF74E3923055082CA3857E35 /* Pods-ToDo App.release.xcconfig */ = {isa = PBXFileReference; includeInIndex = 1; lastKnownFileType = text.xcconfig; name = "Pods-ToDo App.release.xcconfig"; path = "Target Support Files/Pods-ToDo App/Pods-ToDo App.release.xcconfig"; sourceTree = "<group>"; };
/* End PBXFileReference section */

/* Begin PBXFrameworksBuildPhase section */
		0A39EE5E2C21A95400DD14AE /* Frameworks */ = {
			isa = PBXFrameworksBuildPhase;
			buildActionMask = 2147483647;
			files = (
				0AFBE7B02C403A9B001F1C1F /* CocoaLumberjack in Frameworks */,
				693B3F74C38D252F9E73D77A /* Pods_ToDo_App.framework in Frameworks */,
				0AFBE7B82C405563001F1C1F /* CocoaLumberjackSwiftLogBackend in Frameworks */,
				0AFBE7B62C405563001F1C1F /* CocoaLumberjackSwift in Frameworks */,
			);
			runOnlyForDeploymentPostprocessing = 0;
		};
		0A39EE6E2C21A95500DD14AE /* Frameworks */ = {
			isa = PBXFrameworksBuildPhase;
			buildActionMask = 2147483647;
			files = (
				0C28844D9E8C24CD811EF7BB /* Pods_ToDo_AppTests.framework in Frameworks */,
			);
			runOnlyForDeploymentPostprocessing = 0;
		};
		0A39EE782C21A95500DD14AE /* Frameworks */ = {
			isa = PBXFrameworksBuildPhase;
			buildActionMask = 2147483647;
			files = (
				6DD30544A58A00325B3F9802 /* Pods_ToDo_App_ToDo_AppUITests.framework in Frameworks */,
			);
			runOnlyForDeploymentPostprocessing = 0;
		};
/* End PBXFrameworksBuildPhase section */

/* Begin PBXGroup section */
		0A2C5B4E2C26093F007D8889 /* Models */ = {
			isa = PBXGroup;
			children = (
				0A39EE8E2C21AC1700DD14AE /* TodoItem.swift */,
				0AB1301B2C22010E00816981 /* FileCache.swift */,
				0A5619532C2F4B0500E2A5B4 /* Todos.swift */,
			);
			path = Models;
			sourceTree = "<group>";
		};
		0A2C5B4F2C26097A007D8889 /* Parsers */ = {
			isa = PBXGroup;
			children = (
				0A2C5B502C26098C007D8889 /* CsvParsing.swift */,
				0AB1301D2C2285D900816981 /* JsonParsing.swift */,
			);
			path = Parsers;
			sourceTree = "<group>";
		};
		0A2C5B552C263A75007D8889 /* AssetsTesting */ = {
			isa = PBXGroup;
			children = (
				0A2C5B5C2C265957007D8889 /* test.csv */,
				0A2C5B582C263B2E007D8889 /* test_2.json */,
				0A2C5B562C263A8E007D8889 /* test_1.json */,
			);
			path = AssetsTesting;
			sourceTree = "<group>";
		};
		0A39EE582C21A95400DD14AE = {
			isa = PBXGroup;
			children = (
				0AFBE7AD2C3FAE30001F1C1F /* .gitignore */,
				0A39EE632C21A95400DD14AE /* ToDo App */,
				0A39EE742C21A95500DD14AE /* ToDo AppTests */,
				0A39EE7E2C21A95500DD14AE /* ToDo AppUITests */,
				0A39EE622C21A95400DD14AE /* Products */,
				99F4CD12575FBFA5DF6BB575 /* Pods */,
				42442A43AB53A5948C9D2479 /* Frameworks */,
			);
			sourceTree = "<group>";
		};
		0A39EE622C21A95400DD14AE /* Products */ = {
			isa = PBXGroup;
			children = (
				0A39EE612C21A95400DD14AE /* ToDo App.app */,
				0A39EE712C21A95500DD14AE /* ToDo AppTests.xctest */,
				0A39EE7B2C21A95500DD14AE /* ToDo AppUITests.xctest */,
			);
			name = Products;
			sourceTree = "<group>";
		};
		0A39EE632C21A95400DD14AE /* ToDo App */ = {
			isa = PBXGroup;
			children = (
				0AFBE7B22C404AE4001F1C1F /* Daemon */,
				0A2C5B4E2C26093F007D8889 /* Models */,
				0A39EE642C21A95400DD14AE /* ToDoAppApp.swift */,
				0AFBE7B12C404AA0001F1C1F /* TaskPresent */,
				0A39EE662C21A95400DD14AE /* ContentView.swift */,
				0A39EE682C21A95500DD14AE /* Assets.xcassets */,
				0A39EE6A2C21A95500DD14AE /* Preview Content */,
			);
			path = "ToDo App";
			sourceTree = "<group>";
		};
		0A39EE6A2C21A95500DD14AE /* Preview Content */ = {
			isa = PBXGroup;
			children = (
				0A39EE6B2C21A95500DD14AE /* Preview Assets.xcassets */,
			);
			path = "Preview Content";
			sourceTree = "<group>";
		};
		0A39EE742C21A95500DD14AE /* ToDo AppTests */ = {
			isa = PBXGroup;
			children = (
				0A2C5B552C263A75007D8889 /* AssetsTesting */,
				0A2C5B522C262A22007D8889 /* TodoItemTests.swift */,
				0A2C5B5F2C265D47007D8889 /* FileCacheTesting.swift */,
			);
			path = "ToDo AppTests";
			sourceTree = "<group>";
		};
		0A39EE7E2C21A95500DD14AE /* ToDo AppUITests */ = {
			isa = PBXGroup;
			children = (
				0A39EE7F2C21A95500DD14AE /* ToDoAppUITests.swift */,
				0A39EE812C21A95500DD14AE /* ToDoAppUITestsLaunchTests.swift */,
			);
			path = "ToDo AppUITests";
			sourceTree = "<group>";
		};
		0A8CFA562C2FB8A800A9F549 /* ItemView */ = {
			isa = PBXGroup;
			children = (
				0AFEA7982C29A65500A5AED5 /* TodoItemView.swift */,
				0A5619572C2F997300E2A5B4 /* TodoViewLayouts.swift */,
			);
			path = ItemView;
			sourceTree = "<group>";
		};
		0AFBE76F2C388ED4001F1C1F /* CalendarViewFeature */ = {
			isa = PBXGroup;
			children = (
				0AFBE76D2C388ECD001F1C1F /* CalendarView.swift */,
				0AFBE76B2C388E4A001F1C1F /* CalendarRepresentable.swift */,
			);
			path = CalendarViewFeature;
			sourceTree = "<group>";
		};
		0AFBE7B12C404AA0001F1C1F /* TaskPresent */ = {
			isa = PBXGroup;
			children = (
				0AFBE76F2C388ED4001F1C1F /* CalendarViewFeature */,
				0A8CFA562C2FB8A800A9F549 /* ItemView */,
				0AFBE7A22C3DCAF4001F1C1F /* TaskCellView.swift */,
				0A8CFA572C2FB8DF00A9F549 /* TasksListView.swift */,
			);
			path = TaskPresent;
			sourceTree = "<group>";
		};
		0AFBE7B22C404AE4001F1C1F /* Daemon */ = {
			isa = PBXGroup;
			children = (
				0AFEA79A2C29A70400A5AED5 /* Extensions */,
				0A2C5B4F2C26097A007D8889 /* Parsers */,
				0AFBE7B32C404AFC001F1C1F /* DDLog.swift */,
			);
			path = Daemon;
			sourceTree = "<group>";
		};
		0AFEA79A2C29A70400A5AED5 /* Extensions */ = {
			isa = PBXGroup;
			children = (
				0AFEA79B2C29A71100A5AED5 /* Date.swift */,
				0A5619512C2F399A00E2A5B4 /* RadioButtonView.swift */,
				0A5619552C2F814700E2A5B4 /* Color.swift */,
				0AFBE7AB2C3DD5F6001F1C1F /* Sorting.swift */,
			);
			path = Extensions;
			sourceTree = "<group>";
		};
		42442A43AB53A5948C9D2479 /* Frameworks */ = {
			isa = PBXGroup;
			children = (
				4FE154C6A5468F2B086EAA5F /* Pods_ToDo_App.framework */,
				1D023E86B6C5A5EF99D8A67D /* Pods_ToDo_App_ToDo_AppUITests.framework */,
				501771EA28B2ED7906D5C6FE /* Pods_ToDo_AppTests.framework */,
			);
			name = Frameworks;
			sourceTree = "<group>";
		};
		99F4CD12575FBFA5DF6BB575 /* Pods */ = {
			isa = PBXGroup;
			children = (
				1665A048E987C9B1006AABFE /* Pods-ToDo App.debug.xcconfig */,
				EF74E3923055082CA3857E35 /* Pods-ToDo App.release.xcconfig */,
				B4048AB363C53636B333AE09 /* Pods-ToDo App-ToDo AppUITests.debug.xcconfig */,
				D018184163610F19D627C6BA /* Pods-ToDo App-ToDo AppUITests.release.xcconfig */,
				E8FFA905477F065F4F683C4D /* Pods-ToDo AppTests.debug.xcconfig */,
				11689AC97D6D28AB12985538 /* Pods-ToDo AppTests.release.xcconfig */,
			);
			path = Pods;
			sourceTree = "<group>";
		};
/* End PBXGroup section */

/* Begin PBXNativeTarget section */
		0A39EE602C21A95400DD14AE /* ToDo App */ = {
			isa = PBXNativeTarget;
			buildConfigurationList = 0A39EE852C21A95500DD14AE /* Build configuration list for PBXNativeTarget "ToDo App" */;
			buildPhases = (
				AC5C38ACB0F652646E46277C /* [CP] Check Pods Manifest.lock */,
				0A39EE5D2C21A95400DD14AE /* Sources */,
				0A39EE5E2C21A95400DD14AE /* Frameworks */,
				0A39EE5F2C21A95400DD14AE /* Resources */,
				0AFBE7B92C405D0A001F1C1F /* ShellScript */,
			);
			buildRules = (
			);
			dependencies = (
			);
			name = "ToDo App";
			packageProductDependencies = (
				0AFBE7AF2C403A9B001F1C1F /* CocoaLumberjack */,
				0AFBE7B52C405563001F1C1F /* CocoaLumberjackSwift */,
				0AFBE7B72C405563001F1C1F /* CocoaLumberjackSwiftLogBackend */,
			);
			productName = "ToDo App";
			productReference = 0A39EE612C21A95400DD14AE /* ToDo App.app */;
			productType = "com.apple.product-type.application";
		};
		0A39EE702C21A95500DD14AE /* ToDo AppTests */ = {
			isa = PBXNativeTarget;
			buildConfigurationList = 0A39EE882C21A95500DD14AE /* Build configuration list for PBXNativeTarget "ToDo AppTests" */;
			buildPhases = (
				F8DD73C024AE3B7104CBECCC /* [CP] Check Pods Manifest.lock */,
				0A39EE6D2C21A95500DD14AE /* Sources */,
				0A39EE6E2C21A95500DD14AE /* Frameworks */,
				0A39EE6F2C21A95500DD14AE /* Resources */,
			);
			buildRules = (
			);
			dependencies = (
				0A39EE732C21A95500DD14AE /* PBXTargetDependency */,
			);
			name = "ToDo AppTests";
			productName = "ToDo AppTests";
			productReference = 0A39EE712C21A95500DD14AE /* ToDo AppTests.xctest */;
			productType = "com.apple.product-type.bundle.unit-test";
		};
		0A39EE7A2C21A95500DD14AE /* ToDo AppUITests */ = {
			isa = PBXNativeTarget;
			buildConfigurationList = 0A39EE8B2C21A95500DD14AE /* Build configuration list for PBXNativeTarget "ToDo AppUITests" */;
			buildPhases = (
				A74A098C3BFCE4789D969FAE /* [CP] Check Pods Manifest.lock */,
				0A39EE772C21A95500DD14AE /* Sources */,
				0A39EE782C21A95500DD14AE /* Frameworks */,
				0A39EE792C21A95500DD14AE /* Resources */,
			);
			buildRules = (
			);
			dependencies = (
				0A39EE7D2C21A95500DD14AE /* PBXTargetDependency */,
			);
			name = "ToDo AppUITests";
			productName = "ToDo AppUITests";
			productReference = 0A39EE7B2C21A95500DD14AE /* ToDo AppUITests.xctest */;
			productType = "com.apple.product-type.bundle.ui-testing";
		};
/* End PBXNativeTarget section */

/* Begin PBXProject section */
		0A39EE592C21A95400DD14AE /* Project object */ = {
			isa = PBXProject;
			attributes = {
				BuildIndependentTargetsInParallel = 1;
				LastSwiftUpdateCheck = 1600;
				LastUpgradeCheck = 1600;
				TargetAttributes = {
					0A39EE602C21A95400DD14AE = {
						CreatedOnToolsVersion = 16.0;
					};
					0A39EE702C21A95500DD14AE = {
						CreatedOnToolsVersion = 16.0;
						TestTargetID = 0A39EE602C21A95400DD14AE;
					};
					0A39EE7A2C21A95500DD14AE = {
						CreatedOnToolsVersion = 16.0;
						TestTargetID = 0A39EE602C21A95400DD14AE;
					};
				};
			};
			buildConfigurationList = 0A39EE5C2C21A95400DD14AE /* Build configuration list for PBXProject "ToDo App" */;
			compatibilityVersion = "Xcode 15.0";
			developmentRegion = en;
			hasScannedForEncodings = 0;
			knownRegions = (
				en,
				Base,
			);
			mainGroup = 0A39EE582C21A95400DD14AE;
			packageReferences = (
				0AFBE7AE2C403A9A001F1C1F /* XCRemoteSwiftPackageReference "CocoaLumberjack" */,
			);
			productRefGroup = 0A39EE622C21A95400DD14AE /* Products */;
			projectDirPath = "";
			projectRoot = "";
			targets = (
				0A39EE602C21A95400DD14AE /* ToDo App */,
				0A39EE702C21A95500DD14AE /* ToDo AppTests */,
				0A39EE7A2C21A95500DD14AE /* ToDo AppUITests */,
			);
		};
/* End PBXProject section */

/* Begin PBXResourcesBuildPhase section */
		0A39EE5F2C21A95400DD14AE /* Resources */ = {
			isa = PBXResourcesBuildPhase;
			buildActionMask = 2147483647;
			files = (
				0A2C5B5A2C26415B007D8889 /* test_2.json in Resources */,
				0A2C5B5B2C26415B007D8889 /* test_1.json in Resources */,
				0A2C5B5D2C26595C007D8889 /* test.csv in Resources */,
				0A39EE6C2C21A95500DD14AE /* Preview Assets.xcassets in Resources */,
				0A39EE692C21A95500DD14AE /* Assets.xcassets in Resources */,
			);
			runOnlyForDeploymentPostprocessing = 0;
		};
		0A39EE6F2C21A95500DD14AE /* Resources */ = {
			isa = PBXResourcesBuildPhase;
			buildActionMask = 2147483647;
			files = (
				0A2C5B592C263B33007D8889 /* test_2.json in Resources */,
				0A2C5B572C263A98007D8889 /* test_1.json in Resources */,
				0A2C5B5E2C26595C007D8889 /* test.csv in Resources */,
			);
			runOnlyForDeploymentPostprocessing = 0;
		};
		0A39EE792C21A95500DD14AE /* Resources */ = {
			isa = PBXResourcesBuildPhase;
			buildActionMask = 2147483647;
			files = (
			);
			runOnlyForDeploymentPostprocessing = 0;
		};
/* End PBXResourcesBuildPhase section */

/* Begin PBXShellScriptBuildPhase section */
		0AFBE7B92C405D0A001F1C1F /* ShellScript */ = {
			isa = PBXShellScriptBuildPhase;
			buildActionMask = 2147483647;
			files = (
			);
			inputFileListPaths = (
			);
			inputPaths = (
			);
			outputFileListPaths = (
			);
			outputPaths = (
			);
			runOnlyForDeploymentPostprocessing = 0;
			shellPath = /bin/sh;
			shellScript = "\"${PODS_ROOT}/SwiftLint/swiftlint\"\n";
		};
		A74A098C3BFCE4789D969FAE /* [CP] Check Pods Manifest.lock */ = {
			isa = PBXShellScriptBuildPhase;
			buildActionMask = 2147483647;
			files = (
			);
			inputFileListPaths = (
			);
			inputPaths = (
				"${PODS_PODFILE_DIR_PATH}/Podfile.lock",
				"${PODS_ROOT}/Manifest.lock",
			);
			name = "[CP] Check Pods Manifest.lock";
			outputFileListPaths = (
			);
			outputPaths = (
				"$(DERIVED_FILE_DIR)/Pods-ToDo App-ToDo AppUITests-checkManifestLockResult.txt",
			);
			runOnlyForDeploymentPostprocessing = 0;
			shellPath = /bin/sh;
			shellScript = "diff \"${PODS_PODFILE_DIR_PATH}/Podfile.lock\" \"${PODS_ROOT}/Manifest.lock\" > /dev/null\nif [ $? != 0 ] ; then\n    # print error to STDERR\n    echo \"error: The sandbox is not in sync with the Podfile.lock. Run 'pod install' or update your CocoaPods installation.\" >&2\n    exit 1\nfi\n# This output is used by Xcode 'outputs' to avoid re-running this script phase.\necho \"SUCCESS\" > \"${SCRIPT_OUTPUT_FILE_0}\"\n";
			showEnvVarsInLog = 0;
		};
		AC5C38ACB0F652646E46277C /* [CP] Check Pods Manifest.lock */ = {
			isa = PBXShellScriptBuildPhase;
			buildActionMask = 2147483647;
			files = (
			);
			inputFileListPaths = (
			);
			inputPaths = (
				"${PODS_PODFILE_DIR_PATH}/Podfile.lock",
				"${PODS_ROOT}/Manifest.lock",
			);
			name = "[CP] Check Pods Manifest.lock";
			outputFileListPaths = (
			);
			outputPaths = (
				"$(DERIVED_FILE_DIR)/Pods-ToDo App-checkManifestLockResult.txt",
			);
			runOnlyForDeploymentPostprocessing = 0;
			shellPath = /bin/sh;
			shellScript = "diff \"${PODS_PODFILE_DIR_PATH}/Podfile.lock\" \"${PODS_ROOT}/Manifest.lock\" > /dev/null\nif [ $? != 0 ] ; then\n    # print error to STDERR\n    echo \"error: The sandbox is not in sync with the Podfile.lock. Run 'pod install' or update your CocoaPods installation.\" >&2\n    exit 1\nfi\n# This output is used by Xcode 'outputs' to avoid re-running this script phase.\necho \"SUCCESS\" > \"${SCRIPT_OUTPUT_FILE_0}\"\n";
			showEnvVarsInLog = 0;
		};
		F8DD73C024AE3B7104CBECCC /* [CP] Check Pods Manifest.lock */ = {
			isa = PBXShellScriptBuildPhase;
			buildActionMask = 2147483647;
			files = (
			);
			inputFileListPaths = (
			);
			inputPaths = (
				"${PODS_PODFILE_DIR_PATH}/Podfile.lock",
				"${PODS_ROOT}/Manifest.lock",
			);
			name = "[CP] Check Pods Manifest.lock";
			outputFileListPaths = (
			);
			outputPaths = (
				"$(DERIVED_FILE_DIR)/Pods-ToDo AppTests-checkManifestLockResult.txt",
			);
			runOnlyForDeploymentPostprocessing = 0;
			shellPath = /bin/sh;
			shellScript = "diff \"${PODS_PODFILE_DIR_PATH}/Podfile.lock\" \"${PODS_ROOT}/Manifest.lock\" > /dev/null\nif [ $? != 0 ] ; then\n    # print error to STDERR\n    echo \"error: The sandbox is not in sync with the Podfile.lock. Run 'pod install' or update your CocoaPods installation.\" >&2\n    exit 1\nfi\n# This output is used by Xcode 'outputs' to avoid re-running this script phase.\necho \"SUCCESS\" > \"${SCRIPT_OUTPUT_FILE_0}\"\n";
			showEnvVarsInLog = 0;
		};
/* End PBXShellScriptBuildPhase section */

/* Begin PBXSourcesBuildPhase section */
		0A39EE5D2C21A95400DD14AE /* Sources */ = {
			isa = PBXSourcesBuildPhase;
			buildActionMask = 2147483647;
			files = (
				0A39EE672C21A95400DD14AE /* ContentView.swift in Sources */,
				0AFBE76C2C388E4A001F1C1F /* CalendarRepresentable.swift in Sources */,
				0AFBE76E2C388ECD001F1C1F /* CalendarView.swift in Sources */,
				0AB1301E2C2285D900816981 /* JsonParsing.swift in Sources */,
				0A5619582C2F997300E2A5B4 /* TodoViewLayouts.swift in Sources */,
				0A5619562C2F814700E2A5B4 /* Color.swift in Sources */,
				0A39EE8F2C21AC1700DD14AE /* TodoItem.swift in Sources */,
				0A5619542C2F4B0500E2A5B4 /* Todos.swift in Sources */,
				0A5619522C2F399A00E2A5B4 /* RadioButtonView.swift in Sources */,
				0A8CFA582C2FB8DF00A9F549 /* TasksListView.swift in Sources */,
				0AFBE7AC2C3DD5F6001F1C1F /* Sorting.swift in Sources */,
				0AB1301C2C22010E00816981 /* FileCache.swift in Sources */,
				0AFBE7B42C404AFC001F1C1F /* DDLog.swift in Sources */,
				0AFBE7A32C3DCAF4001F1C1F /* TaskCellView.swift in Sources */,
				0A39EE652C21A95400DD14AE /* ToDoAppApp.swift in Sources */,
				0AFEA7992C29A65500A5AED5 /* TodoItemView.swift in Sources */,
				0A2C5B512C260999007D8889 /* CsvParsing.swift in Sources */,
				0AFEA79C2C29A71100A5AED5 /* Date.swift in Sources */,
			);
			runOnlyForDeploymentPostprocessing = 0;
		};
		0A39EE6D2C21A95500DD14AE /* Sources */ = {
			isa = PBXSourcesBuildPhase;
			buildActionMask = 2147483647;
			files = (
				0A2C5B532C262A22007D8889 /* TodoItemTests.swift in Sources */,
				0A2C5B602C265D47007D8889 /* FileCacheTesting.swift in Sources */,
			);
			runOnlyForDeploymentPostprocessing = 0;
		};
		0A39EE772C21A95500DD14AE /* Sources */ = {
			isa = PBXSourcesBuildPhase;
			buildActionMask = 2147483647;
			files = (
				0A39EE822C21A95500DD14AE /* ToDoAppUITestsLaunchTests.swift in Sources */,
				0A39EE802C21A95500DD14AE /* ToDoAppUITests.swift in Sources */,
			);
			runOnlyForDeploymentPostprocessing = 0;
		};
/* End PBXSourcesBuildPhase section */

/* Begin PBXTargetDependency section */
		0A39EE732C21A95500DD14AE /* PBXTargetDependency */ = {
			isa = PBXTargetDependency;
			target = 0A39EE602C21A95400DD14AE /* ToDo App */;
			targetProxy = 0A39EE722C21A95500DD14AE /* PBXContainerItemProxy */;
		};
		0A39EE7D2C21A95500DD14AE /* PBXTargetDependency */ = {
			isa = PBXTargetDependency;
			target = 0A39EE602C21A95400DD14AE /* ToDo App */;
			targetProxy = 0A39EE7C2C21A95500DD14AE /* PBXContainerItemProxy */;
		};
/* End PBXTargetDependency section */

/* Begin XCBuildConfiguration section */
		0A39EE832C21A95500DD14AE /* Debug */ = {
			isa = XCBuildConfiguration;
			buildSettings = {
				ALWAYS_SEARCH_USER_PATHS = NO;
				ASSETCATALOG_COMPILER_GENERATE_SWIFT_ASSET_SYMBOL_EXTENSIONS = YES;
				CLANG_ANALYZER_NONNULL = YES;
				CLANG_ANALYZER_NUMBER_OBJECT_CONVERSION = YES_AGGRESSIVE;
				CLANG_CXX_LANGUAGE_STANDARD = "gnu++20";
				CLANG_ENABLE_MODULES = YES;
				CLANG_ENABLE_OBJC_ARC = YES;
				CLANG_ENABLE_OBJC_WEAK = YES;
				CLANG_WARN_BLOCK_CAPTURE_AUTORELEASING = YES;
				CLANG_WARN_BOOL_CONVERSION = YES;
				CLANG_WARN_COMMA = YES;
				CLANG_WARN_CONSTANT_CONVERSION = YES;
				CLANG_WARN_DEPRECATED_OBJC_IMPLEMENTATIONS = YES;
				CLANG_WARN_DIRECT_OBJC_ISA_USAGE = YES_ERROR;
				CLANG_WARN_DOCUMENTATION_COMMENTS = YES;
				CLANG_WARN_EMPTY_BODY = YES;
				CLANG_WARN_ENUM_CONVERSION = YES;
				CLANG_WARN_INFINITE_RECURSION = YES;
				CLANG_WARN_INT_CONVERSION = YES;
				CLANG_WARN_NON_LITERAL_NULL_CONVERSION = YES;
				CLANG_WARN_OBJC_IMPLICIT_RETAIN_SELF = YES;
				CLANG_WARN_OBJC_LITERAL_CONVERSION = YES;
				CLANG_WARN_OBJC_ROOT_CLASS = YES_ERROR;
				CLANG_WARN_QUOTED_INCLUDE_IN_FRAMEWORK_HEADER = YES;
				CLANG_WARN_RANGE_LOOP_ANALYSIS = YES;
				CLANG_WARN_STRICT_PROTOTYPES = YES;
				CLANG_WARN_SUSPICIOUS_MOVE = YES;
				CLANG_WARN_UNGUARDED_AVAILABILITY = YES_AGGRESSIVE;
				CLANG_WARN_UNREACHABLE_CODE = YES;
				CLANG_WARN__DUPLICATE_METHOD_MATCH = YES;
				COPY_PHASE_STRIP = NO;
				DEBUG_INFORMATION_FORMAT = dwarf;
				ENABLE_STRICT_OBJC_MSGSEND = YES;
				ENABLE_TESTABILITY = YES;
				ENABLE_USER_SCRIPT_SANDBOXING = YES;
				GCC_C_LANGUAGE_STANDARD = gnu17;
				GCC_DYNAMIC_NO_PIC = NO;
				GCC_NO_COMMON_BLOCKS = YES;
				GCC_OPTIMIZATION_LEVEL = 0;
				GCC_PREPROCESSOR_DEFINITIONS = (
					"DEBUG=1",
					"$(inherited)",
				);
				GCC_WARN_64_TO_32_BIT_CONVERSION = YES;
				GCC_WARN_ABOUT_RETURN_TYPE = YES_ERROR;
				GCC_WARN_UNDECLARED_SELECTOR = YES;
				GCC_WARN_UNINITIALIZED_AUTOS = YES_AGGRESSIVE;
				GCC_WARN_UNUSED_FUNCTION = YES;
				GCC_WARN_UNUSED_VARIABLE = YES;
				IPHONEOS_DEPLOYMENT_TARGET = 18.0;
				LOCALIZATION_PREFERS_STRING_CATALOGS = YES;
				MTL_ENABLE_DEBUG_INFO = INCLUDE_SOURCE;
				MTL_FAST_MATH = YES;
				ONLY_ACTIVE_ARCH = YES;
				SDKROOT = iphoneos;
				SWIFT_ACTIVE_COMPILATION_CONDITIONS = "DEBUG $(inherited)";
				SWIFT_OPTIMIZATION_LEVEL = "-Onone";
			};
			name = Debug;
		};
		0A39EE842C21A95500DD14AE /* Release */ = {
			isa = XCBuildConfiguration;
			buildSettings = {
				ALWAYS_SEARCH_USER_PATHS = NO;
				ASSETCATALOG_COMPILER_GENERATE_SWIFT_ASSET_SYMBOL_EXTENSIONS = YES;
				CLANG_ANALYZER_NONNULL = YES;
				CLANG_ANALYZER_NUMBER_OBJECT_CONVERSION = YES_AGGRESSIVE;
				CLANG_CXX_LANGUAGE_STANDARD = "gnu++20";
				CLANG_ENABLE_MODULES = YES;
				CLANG_ENABLE_OBJC_ARC = YES;
				CLANG_ENABLE_OBJC_WEAK = YES;
				CLANG_WARN_BLOCK_CAPTURE_AUTORELEASING = YES;
				CLANG_WARN_BOOL_CONVERSION = YES;
				CLANG_WARN_COMMA = YES;
				CLANG_WARN_CONSTANT_CONVERSION = YES;
				CLANG_WARN_DEPRECATED_OBJC_IMPLEMENTATIONS = YES;
				CLANG_WARN_DIRECT_OBJC_ISA_USAGE = YES_ERROR;
				CLANG_WARN_DOCUMENTATION_COMMENTS = YES;
				CLANG_WARN_EMPTY_BODY = YES;
				CLANG_WARN_ENUM_CONVERSION = YES;
				CLANG_WARN_INFINITE_RECURSION = YES;
				CLANG_WARN_INT_CONVERSION = YES;
				CLANG_WARN_NON_LITERAL_NULL_CONVERSION = YES;
				CLANG_WARN_OBJC_IMPLICIT_RETAIN_SELF = YES;
				CLANG_WARN_OBJC_LITERAL_CONVERSION = YES;
				CLANG_WARN_OBJC_ROOT_CLASS = YES_ERROR;
				CLANG_WARN_QUOTED_INCLUDE_IN_FRAMEWORK_HEADER = YES;
				CLANG_WARN_RANGE_LOOP_ANALYSIS = YES;
				CLANG_WARN_STRICT_PROTOTYPES = YES;
				CLANG_WARN_SUSPICIOUS_MOVE = YES;
				CLANG_WARN_UNGUARDED_AVAILABILITY = YES_AGGRESSIVE;
				CLANG_WARN_UNREACHABLE_CODE = YES;
				CLANG_WARN__DUPLICATE_METHOD_MATCH = YES;
				COPY_PHASE_STRIP = NO;
				DEBUG_INFORMATION_FORMAT = "dwarf-with-dsym";
				ENABLE_NS_ASSERTIONS = NO;
				ENABLE_STRICT_OBJC_MSGSEND = YES;
				ENABLE_USER_SCRIPT_SANDBOXING = YES;
				GCC_C_LANGUAGE_STANDARD = gnu17;
				GCC_NO_COMMON_BLOCKS = YES;
				GCC_WARN_64_TO_32_BIT_CONVERSION = YES;
				GCC_WARN_ABOUT_RETURN_TYPE = YES_ERROR;
				GCC_WARN_UNDECLARED_SELECTOR = YES;
				GCC_WARN_UNINITIALIZED_AUTOS = YES_AGGRESSIVE;
				GCC_WARN_UNUSED_FUNCTION = YES;
				GCC_WARN_UNUSED_VARIABLE = YES;
				IPHONEOS_DEPLOYMENT_TARGET = 18.0;
				LOCALIZATION_PREFERS_STRING_CATALOGS = YES;
				MTL_ENABLE_DEBUG_INFO = NO;
				MTL_FAST_MATH = YES;
				SDKROOT = iphoneos;
				SWIFT_COMPILATION_MODE = wholemodule;
				VALIDATE_PRODUCT = YES;
			};
			name = Release;
		};
		0A39EE862C21A95500DD14AE /* Debug */ = {
			isa = XCBuildConfiguration;
			baseConfigurationReference = 1665A048E987C9B1006AABFE /* Pods-ToDo App.debug.xcconfig */;
			buildSettings = {
				ASSETCATALOG_COMPILER_APPICON_NAME = AppIcon;
				ASSETCATALOG_COMPILER_GLOBAL_ACCENT_COLOR_NAME = AccentColor;
				CODE_SIGN_STYLE = Automatic;
				CURRENT_PROJECT_VERSION = 1;
				DEVELOPMENT_ASSET_PATHS = "\"ToDo App/Preview Content\"";
				DEVELOPMENT_TEAM = 75KQXN6JUC;
				ENABLE_PREVIEWS = YES;
				ENABLE_USER_SCRIPT_SANDBOXING = NO;
				GENERATE_INFOPLIST_FILE = YES;
				INFOPLIST_KEY_UIApplicationSceneManifest_Generation = YES;
				INFOPLIST_KEY_UIApplicationSupportsIndirectInputEvents = YES;
				INFOPLIST_KEY_UILaunchScreen_Generation = YES;
				INFOPLIST_KEY_UISupportedInterfaceOrientations_iPad = "UIInterfaceOrientationPortrait UIInterfaceOrientationPortraitUpsideDown UIInterfaceOrientationLandscapeLeft UIInterfaceOrientationLandscapeRight";
				INFOPLIST_KEY_UISupportedInterfaceOrientations_iPhone = "UIInterfaceOrientationPortrait UIInterfaceOrientationLandscapeLeft UIInterfaceOrientationLandscapeRight";
				IPHONEOS_DEPLOYMENT_TARGET = 16.5;
				LD_RUNPATH_SEARCH_PATHS = (
					"$(inherited)",
					"@executable_path/Frameworks",
				);
				MARKETING_VERSION = 1.0;
				PRODUCT_BUNDLE_IDENTIFIER = com.lroof.ToDoApp;
				PRODUCT_NAME = "$(TARGET_NAME)";
				SWIFT_EMIT_LOC_STRINGS = YES;
				SWIFT_VERSION = 5.0;
				TARGETED_DEVICE_FAMILY = "1,2";
			};
			name = Debug;
		};
		0A39EE872C21A95500DD14AE /* Release */ = {
			isa = XCBuildConfiguration;
			baseConfigurationReference = EF74E3923055082CA3857E35 /* Pods-ToDo App.release.xcconfig */;
			buildSettings = {
				ASSETCATALOG_COMPILER_APPICON_NAME = AppIcon;
				ASSETCATALOG_COMPILER_GLOBAL_ACCENT_COLOR_NAME = AccentColor;
				CODE_SIGN_STYLE = Automatic;
				CURRENT_PROJECT_VERSION = 1;
				DEVELOPMENT_ASSET_PATHS = "\"ToDo App/Preview Content\"";
				DEVELOPMENT_TEAM = 75KQXN6JUC;
				ENABLE_PREVIEWS = YES;
				ENABLE_USER_SCRIPT_SANDBOXING = NO;
				GENERATE_INFOPLIST_FILE = YES;
				INFOPLIST_KEY_UIApplicationSceneManifest_Generation = YES;
				INFOPLIST_KEY_UIApplicationSupportsIndirectInputEvents = YES;
				INFOPLIST_KEY_UILaunchScreen_Generation = YES;
				INFOPLIST_KEY_UISupportedInterfaceOrientations_iPad = "UIInterfaceOrientationPortrait UIInterfaceOrientationPortraitUpsideDown UIInterfaceOrientationLandscapeLeft UIInterfaceOrientationLandscapeRight";
				INFOPLIST_KEY_UISupportedInterfaceOrientations_iPhone = "UIInterfaceOrientationPortrait UIInterfaceOrientationLandscapeLeft UIInterfaceOrientationLandscapeRight";
				IPHONEOS_DEPLOYMENT_TARGET = 16.5;
				LD_RUNPATH_SEARCH_PATHS = (
					"$(inherited)",
					"@executable_path/Frameworks",
				);
				MARKETING_VERSION = 1.0;
				PRODUCT_BUNDLE_IDENTIFIER = com.lroof.ToDoApp;
				PRODUCT_NAME = "$(TARGET_NAME)";
				SWIFT_EMIT_LOC_STRINGS = YES;
				SWIFT_VERSION = 5.0;
				TARGETED_DEVICE_FAMILY = "1,2";
			};
			name = Release;
		};
		0A39EE892C21A95500DD14AE /* Debug */ = {
			isa = XCBuildConfiguration;
			baseConfigurationReference = E8FFA905477F065F4F683C4D /* Pods-ToDo AppTests.debug.xcconfig */;
			buildSettings = {
				BUNDLE_LOADER = "$(TEST_HOST)";
				CODE_SIGN_STYLE = Automatic;
				CURRENT_PROJECT_VERSION = 1;
				DEVELOPMENT_TEAM = 75KQXN6JUC;
				GENERATE_INFOPLIST_FILE = YES;
				IPHONEOS_DEPLOYMENT_TARGET = 16.5;
				MARKETING_VERSION = 1.0;
				PRODUCT_BUNDLE_IDENTIFIER = "com.lroof.ToDo-AppTests";
				PRODUCT_NAME = "$(TARGET_NAME)";
				SWIFT_EMIT_LOC_STRINGS = NO;
				SWIFT_VERSION = 5.0;
				TARGETED_DEVICE_FAMILY = "1,2";
				TEST_HOST = "$(BUILT_PRODUCTS_DIR)/ToDo App.app/$(BUNDLE_EXECUTABLE_FOLDER_PATH)/ToDo App";
			};
			name = Debug;
		};
		0A39EE8A2C21A95500DD14AE /* Release */ = {
			isa = XCBuildConfiguration;
			baseConfigurationReference = 11689AC97D6D28AB12985538 /* Pods-ToDo AppTests.release.xcconfig */;
			buildSettings = {
				BUNDLE_LOADER = "$(TEST_HOST)";
				CODE_SIGN_STYLE = Automatic;
				CURRENT_PROJECT_VERSION = 1;
				DEVELOPMENT_TEAM = 75KQXN6JUC;
				GENERATE_INFOPLIST_FILE = YES;
				IPHONEOS_DEPLOYMENT_TARGET = 16.5;
				MARKETING_VERSION = 1.0;
				PRODUCT_BUNDLE_IDENTIFIER = "com.lroof.ToDo-AppTests";
				PRODUCT_NAME = "$(TARGET_NAME)";
				SWIFT_EMIT_LOC_STRINGS = NO;
				SWIFT_VERSION = 5.0;
				TARGETED_DEVICE_FAMILY = "1,2";
				TEST_HOST = "$(BUILT_PRODUCTS_DIR)/ToDo App.app/$(BUNDLE_EXECUTABLE_FOLDER_PATH)/ToDo App";
			};
			name = Release;
		};
		0A39EE8C2C21A95500DD14AE /* Debug */ = {
			isa = XCBuildConfiguration;
			baseConfigurationReference = B4048AB363C53636B333AE09 /* Pods-ToDo App-ToDo AppUITests.debug.xcconfig */;
			buildSettings = {
				CODE_SIGN_STYLE = Automatic;
				CURRENT_PROJECT_VERSION = 1;
				DEVELOPMENT_TEAM = 75KQXN6JUC;
				GENERATE_INFOPLIST_FILE = YES;
				IPHONEOS_DEPLOYMENT_TARGET = 16.5;
				MARKETING_VERSION = 1.0;
				PRODUCT_BUNDLE_IDENTIFIER = "com.lroof.ToDo-AppUITests";
				PRODUCT_NAME = "$(TARGET_NAME)";
				SWIFT_EMIT_LOC_STRINGS = NO;
				SWIFT_VERSION = 5.0;
				TARGETED_DEVICE_FAMILY = "1,2";
				TEST_TARGET_NAME = "ToDo App";
			};
			name = Debug;
		};
		0A39EE8D2C21A95500DD14AE /* Release */ = {
			isa = XCBuildConfiguration;
			baseConfigurationReference = D018184163610F19D627C6BA /* Pods-ToDo App-ToDo AppUITests.release.xcconfig */;
			buildSettings = {
				CODE_SIGN_STYLE = Automatic;
				CURRENT_PROJECT_VERSION = 1;
				DEVELOPMENT_TEAM = 75KQXN6JUC;
				GENERATE_INFOPLIST_FILE = YES;
				IPHONEOS_DEPLOYMENT_TARGET = 16.5;
				MARKETING_VERSION = 1.0;
				PRODUCT_BUNDLE_IDENTIFIER = "com.lroof.ToDo-AppUITests";
				PRODUCT_NAME = "$(TARGET_NAME)";
				SWIFT_EMIT_LOC_STRINGS = NO;
				SWIFT_VERSION = 5.0;
				TARGETED_DEVICE_FAMILY = "1,2";
				TEST_TARGET_NAME = "ToDo App";
			};
			name = Release;
		};
/* End XCBuildConfiguration section */

/* Begin XCConfigurationList section */
		0A39EE5C2C21A95400DD14AE /* Build configuration list for PBXProject "ToDo App" */ = {
			isa = XCConfigurationList;
			buildConfigurations = (
				0A39EE832C21A95500DD14AE /* Debug */,
				0A39EE842C21A95500DD14AE /* Release */,
			);
			defaultConfigurationIsVisible = 0;
			defaultConfigurationName = Release;
		};
		0A39EE852C21A95500DD14AE /* Build configuration list for PBXNativeTarget "ToDo App" */ = {
			isa = XCConfigurationList;
			buildConfigurations = (
				0A39EE862C21A95500DD14AE /* Debug */,
				0A39EE872C21A95500DD14AE /* Release */,
			);
			defaultConfigurationIsVisible = 0;
			defaultConfigurationName = Release;
		};
		0A39EE882C21A95500DD14AE /* Build configuration list for PBXNativeTarget "ToDo AppTests" */ = {
			isa = XCConfigurationList;
			buildConfigurations = (
				0A39EE892C21A95500DD14AE /* Debug */,
				0A39EE8A2C21A95500DD14AE /* Release */,
			);
			defaultConfigurationIsVisible = 0;
			defaultConfigurationName = Release;
		};
		0A39EE8B2C21A95500DD14AE /* Build configuration list for PBXNativeTarget "ToDo AppUITests" */ = {
			isa = XCConfigurationList;
			buildConfigurations = (
				0A39EE8C2C21A95500DD14AE /* Debug */,
				0A39EE8D2C21A95500DD14AE /* Release */,
			);
			defaultConfigurationIsVisible = 0;
			defaultConfigurationName = Release;
		};
/* End XCConfigurationList section */

/* Begin XCRemoteSwiftPackageReference section */
		0AFBE7AE2C403A9A001F1C1F /* XCRemoteSwiftPackageReference "CocoaLumberjack" */ = {
			isa = XCRemoteSwiftPackageReference;
			repositoryURL = "https://github.com/CocoaLumberjack/CocoaLumberjack";
			requirement = {
				kind = upToNextMajorVersion;
				minimumVersion = 3.8.5;
			};
		};
/* End XCRemoteSwiftPackageReference section */

/* Begin XCSwiftPackageProductDependency section */
		0AFBE7AF2C403A9B001F1C1F /* CocoaLumberjack */ = {
			isa = XCSwiftPackageProductDependency;
			package = 0AFBE7AE2C403A9A001F1C1F /* XCRemoteSwiftPackageReference "CocoaLumberjack" */;
			productName = CocoaLumberjack;
		};
		0AFBE7B52C405563001F1C1F /* CocoaLumberjackSwift */ = {
			isa = XCSwiftPackageProductDependency;
			package = 0AFBE7AE2C403A9A001F1C1F /* XCRemoteSwiftPackageReference "CocoaLumberjack" */;
			productName = CocoaLumberjackSwift;
		};
		0AFBE7B72C405563001F1C1F /* CocoaLumberjackSwiftLogBackend */ = {
			isa = XCSwiftPackageProductDependency;
			package = 0AFBE7AE2C403A9A001F1C1F /* XCRemoteSwiftPackageReference "CocoaLumberjack" */;
			productName = CocoaLumberjackSwiftLogBackend;
		};
/* End XCSwiftPackageProductDependency section */
	};
	rootObject = 0A39EE592C21A95400DD14AE /* Project object */;
}
